
Microsoft Visual Studio Solution File, Format Version 12.00
# Visual Studio 14
VisualStudioVersion = 14.0.25420.1
MinimumVisualStudioVersion = 10.0.40219.1
Project("{FAE04EC0-301F-11D3-BF4B-00C04F79EFBC}") = "SuperTo", "SuperTo\SuperTo.csproj", "{527EDF0B-3743-480F-B404-6FB9C09AF932}"
EndProject
Project("{FAE04EC0-301F-11D3-BF4B-00C04F79EFBC}") = "SuperTo.Tests", "SuperTo.Tests\SuperTo.Tests.csproj", "{F5E8F1A1-1435-485D-91FD-470477E457F6}"
EndProject
Global
	GlobalSection(SolutionConfigurationPlatforms) = preSolution
		Debug|Any CPU = Debug|Any CPU
		Release|Any CPU = Release|Any CPU
	EndGlobalSection
	GlobalSection(ProjectConfigurationPlatforms) = postSolution
		{527EDF0B-3743-480F-B404-6FB9C09AF932}.Debug|Any CPU.ActiveCfg = Debug|Any CPU
		{527EDF0B-3743-480F-B404-6FB9C09AF932}.Debug|Any CPU.Build.0 = Debug|Any CPU
		{527EDF0B-3743-480F-B404-6FB9C09AF932}.Release|Any CPU.ActiveCfg = Release|Any CPU
		{527EDF0B-3743-480F-B404-6FB9C09AF932}.Release|Any CPU.Build.0 = Release|Any CPU
		{F5E8F1A1-1435-485D-91FD-470477E457F6}.Debug|Any CPU.ActiveCfg = Debug|Any CPU
		{F5E8F1A1-1435-485D-91FD-470477E457F6}.Debug|Any CPU.Build.0 = Debug|Any CPU
		{F5E8F1A1-1435-485D-91FD-470477E457F6}.Release|Any CPU.ActiveCfg = Release|Any CPU
		{F5E8F1A1-1435-485D-91FD-470477E457F6}.Release|Any CPU.Build.0 = Release|Any CPU
	EndGlobalSection
	GlobalSection(SolutionProperties) = preSolution
		HideSolutionNode = FALSE
	EndGlobalSection
EndGlobal
